
Microsoft Visual Studio Solution File, Format Version 12.00
# Visual Studio Version 18
VisualStudioVersion = 18.3.11527.330
MinimumVisualStudioVersion = 10.0.40219.1
Project("{FAE04EC0-301F-11D3-BF4B-00C04F79EFBC}") = "tata_momerial.web.dal", "tata_momerial.web.DAL\tata_momerial.web.dal.csproj", "{F1E96D7C-8B55-4B13-8EEC-00F75572979F}"
EndProject
Project("{FAE04EC0-301F-11D3-BF4B-00C04F79EFBC}") = "tata_momerial.web.bal", "tata_momerial.web.BAL\tata_momerial.web.bal.csproj", "{57BF3A59-8F8A-45BF-8F93-7E8B80BBC72E}"
EndProject
Project("{FAE04EC0-301F-11D3-BF4B-00C04F79EFBC}") = "tata_momerial.web.common", "tata_momerial.web.Common\tata_momerial.web.common.csproj", "{1536B684-6EFA-432C-8D09-8DB0AB24A714}"
EndProject
Project("{FAE04EC0-301F-11D3-BF4B-00C04F79EFBC}") = "tata_momerial.web.dto", "tata_momerial.web.DTO\tata_momerial.web.dto.csproj", "{84E6AEB6-5C06-4E36-A67B-9FDD7E3F2412}"
EndProject
Project("{FAE04EC0-301F-11D3-BF4B-00C04F79EFBC}") = "tata_momerial.web.api", "tata_momerial.web.API\tata_momerial.web.api.csproj", "{4CE02691-6C58-4C92-88AD-48A75EA7148D}"
EndProject
Project("{FAE04EC0-301F-11D3-BF4B-00C04F79EFBC}") = "tata_momerial.web.ui", "tata_momerial.web.ui\tata_momerial.web.ui.csproj", "{A413867B-60A2-4EEE-B593-542C276D6700}"
EndProject
Global
	GlobalSection(SolutionConfigurationPlatforms) = preSolution
		Debug|Any CPU = Debug|Any CPU
		Release|Any CPU = Release|Any CPU
	EndGlobalSection
	GlobalSection(ProjectConfigurationPlatforms) = postSolution
		{F1E96D7C-8B55-4B13-8EEC-00F75572979F}.Debug|Any CPU.ActiveCfg = Debug|Any CPU
		{F1E96D7C-8B55-4B13-8EEC-00F75572979F}.Debug|Any CPU.Build.0 = Debug|Any CPU
		{F1E96D7C-8B55-4B13-8EEC-00F75572979F}.Release|Any CPU.ActiveCfg = Release|Any CPU
		{F1E96D7C-8B55-4B13-8EEC-00F75572979F}.Release|Any CPU.Build.0 = Release|Any CPU
		{57BF3A59-8F8A-45BF-8F93-7E8B80BBC72E}.Debug|Any CPU.ActiveCfg = Debug|Any CPU
		{57BF3A59-8F8A-45BF-8F93-7E8B80BBC72E}.Debug|Any CPU.Build.0 = Debug|Any CPU
		{57BF3A59-8F8A-45BF-8F93-7E8B80BBC72E}.Release|Any CPU.ActiveCfg = Release|Any CPU
		{57BF3A59-8F8A-45BF-8F93-7E8B80BBC72E}.Release|Any CPU.Build.0 = Release|Any CPU
		{1536B684-6EFA-432C-8D09-8DB0AB24A714}.Debug|Any CPU.ActiveCfg = Debug|Any CPU
		{1536B684-6EFA-432C-8D09-8DB0AB24A714}.Debug|Any CPU.Build.0 = Debug|Any CPU
		{1536B684-6EFA-432C-8D09-8DB0AB24A714}.Release|Any CPU.ActiveCfg = Release|Any CPU
		{1536B684-6EFA-432C-8D09-8DB0AB24A714}.Release|Any CPU.Build.0 = Release|Any CPU
		{84E6AEB6-5C06-4E36-A67B-9FDD7E3F2412}.Debug|Any CPU.ActiveCfg = Debug|Any CPU
		{84E6AEB6-5C06-4E36-A67B-9FDD7E3F2412}.Debug|Any CPU.Build.0 = Debug|Any CPU
		{84E6AEB6-5C06-4E36-A67B-9FDD7E3F2412}.Release|Any CPU.ActiveCfg = Release|Any CPU
		{84E6AEB6-5C06-4E36-A67B-9FDD7E3F2412}.Release|Any CPU.Build.0 = Release|Any CPU
		{4CE02691-6C58-4C92-88AD-48A75EA7148D}.Debug|Any CPU.ActiveCfg = Debug|Any CPU
		{4CE02691-6C58-4C92-88AD-48A75EA7148D}.Debug|Any CPU.Build.0 = Debug|Any CPU
		{4CE02691-6C58-4C92-88AD-48A75EA7148D}.Release|Any CPU.ActiveCfg = Release|Any CPU
		{4CE02691-6C58-4C92-88AD-48A75EA7148D}.Release|Any CPU.Build.0 = Release|Any CPU
		{A413867B-60A2-4EEE-B593-542C276D6700}.Debug|Any CPU.ActiveCfg = Debug|Any CPU
		{A413867B-60A2-4EEE-B593-542C276D6700}.Debug|Any CPU.Build.0 = Debug|Any CPU
		{A413867B-60A2-4EEE-B593-542C276D6700}.Release|Any CPU.ActiveCfg = Release|Any CPU
		{A413867B-60A2-4EEE-B593-542C276D6700}.Release|Any CPU.Build.0 = Release|Any CPU
	EndGlobalSection
	GlobalSection(SolutionProperties) = preSolution
		HideSolutionNode = FALSE
	EndGlobalSection
	GlobalSection(ExtensibilityGlobals) = postSolution
		SolutionGuid = {F15E6EB6-329E-4BFB-90DF-227909988D2A}
	EndGlobalSection
EndGlobal
